# THIS IS AN AUTOGENERATED FILE. DO NOT EDIT THIS FILE DIRECTLY.
# yarn lockfile v1


"@fontsource/poppins@^4.5.2":
  version "4.5.2"
  resolved "https://registry.yarnpkg.com/@fontsource/poppins/-/poppins-4.5.2.tgz#6da10064b938e66055025122ef8fedc1bdfa3053"
  integrity sha512-J0ri6LpKck+Bh7ltINNoI6ETvJbMM9vTWzFyVuAp67ybtGjVXPK3mPJFjJkDtmkE0FJ0nUupa5beO0+9tOXRTw==
